
Microsoft Visual Studio Solution File, Format Version 12.00
# Visual Studio Version 16
VisualStudioVersion = 16.0.31727.386
MinimumVisualStudioVersion = 10.0.40219.1
Project("{FAE04EC0-301F-11D3-BF4B-00C04F79EFBC}") = "AlgorithmsAndDataStructuresExercises", "AlgorithmsAndDataStructuresExercises.csproj", "{FED79A33-C96C-49B7-BB71-67D65EF95197}"
EndProject
Global
	GlobalSection(SolutionConfigurationPlatforms) = preSolution
		Debug|Any CPU = Debug|Any CPU
		Release|Any CPU = Release|Any CPU
	EndGlobalSection
	GlobalSection(ProjectConfigurationPlatforms) = postSolution
		{FED79A33-C96C-49B7-BB71-67D65EF95197}.Debug|Any CPU.ActiveCfg = Debug|Any CPU
		{FED79A33-C96C-49B7-BB71-67D65EF95197}.Debug|Any CPU.Build.0 = Debug|Any CPU
		{FED79A33-C96C-49B7-BB71-67D65EF95197}.Release|Any CPU.ActiveCfg = Release|Any CPU
		{FED79A33-C96C-49B7-BB71-67D65EF95197}.Release|Any CPU.Build.0 = Release|Any CPU
	EndGlobalSection
	GlobalSection(SolutionProperties) = preSolution
		HideSolutionNode = FALSE
	EndGlobalSection
	GlobalSection(ExtensibilityGlobals) = postSolution
		SolutionGuid = {0FF4402F-9111-443E-84E2-669994E97ECC}
	EndGlobalSection
EndGlobal
